// !$*UTF8*$!
{
	archiveVersion = 1;
	classes = {
	};
	objectVersion = 77;
	objects = {

/* Begin PBXBuildFile section */
		0168EF494E8DE6ECAFE57E1E /* DirectoryWatcher.swift in Sources */ = {isa = PBXBuildFile; fileRef = 8BA685A16D0B83121F1B0D92 /* DirectoryWatcher.swift */; };
		0258440B90A9E9EFE355DFD5 /* ReusableElementStore.swift in Sources */ = {isa = PBXBuildFile; fileRef = 4E4604851EDF157B3DB1B21F /* ReusableElementStore.swift */; };
		081DD27D01A7269956290ED5 /* main.swift in Sources */ = {isa = PBXBuildFile; fileRef = DBC266AB67A6924073D42009 /* main.swift */; };
		089B1C058D9F8073D2271131 /* Assets.xcassets in Resources */ = {isa = PBXBuildFile; fileRef = 04BC7EA1695B7D7D764EA999 /* Assets.xcassets */; };
		0B21454FCC60E4D6D80D27D0 /* ScreenRecordingPermission.swift in Sources */ = {isa = PBXBuildFile; fileRef = BE0DCDFDC126C2B147431C5F /* ScreenRecordingPermission.swift */; };
		0C7F8BEBCAE7ED5F23E1B76B /* PreferencesPage.swift in Sources */ = {isa = PBXBuildFile; fileRef = 0855E7E3A1DDA3D6340D3348 /* PreferencesPage.swift */; };
		12C7FB188271B351E433A02C /* RegionSelectionOverlay.swift in Sources */ = {isa = PBXBuildFile; fileRef = 83886A0BAA592C089A3A240C /* RegionSelectionOverlay.swift */; };
		13878544E23A8B254D44A6F7 /* EditorToolProtocol.swift in Sources */ = {isa = PBXBuildFile; fileRef = D83FEDF9174EFA42903C9430 /* EditorToolProtocol.swift */; };
		1857834E483416D52C2C0F05 /* DelayedCaptureCountdown.swift in Sources */ = {isa = PBXBuildFile; fileRef = B55A06F782E292CE42AAE50D /* DelayedCaptureCountdown.swift */; };
		1B679873B71E17AAE6704FA3 /* AppDelegate.swift in Sources */ = {isa = PBXBuildFile; fileRef = 438055335F23F1E05D2C54A7 /* AppDelegate.swift */; };
		1C7080A3B0E76D168CC8DC24 /* EditorCanvasView.swift in Sources */ = {isa = PBXBuildFile; fileRef = 6FC42F66139ABDDA6267FC32 /* EditorCanvasView.swift */; };
		1C86176F38B61B99D8FE04FB /* main.swift in Sources */ = {isa = PBXBuildFile; fileRef = FD45AEC0D8BDE316F4F7F1E7 /* main.swift */; };
		1E328377525908E6C3902470 /* SystemScreencaptureScreenshotter.swift in Sources */ = {isa = PBXBuildFile; fileRef = 6A5FA0FFEC02DB97E70AD390 /* SystemScreencaptureScreenshotter.swift */; };
		1EC36B6EAB469A9E9128600C /* InputMonitoringPermission.swift in Sources */ = {isa = PBXBuildFile; fileRef = E32B619C918C6428827B9CC2 /* InputMonitoringPermission.swift */; };
		1FA5A6EF810CA87791A450A0 /* AnnotationModels.swift in Sources */ = {isa = PBXBuildFile; fileRef = DCD7B21FB7253886E060FEA0 /* AnnotationModels.swift */; };
		26F34FB74B27B54F962AFC5B /* SendableShims.swift in Sources */ = {isa = PBXBuildFile; fileRef = F3EAF6B7ADD4F90D378C4C82 /* SendableShims.swift */; };
		28CB75AA6FD2D805719CB9B7 /* AnnotationDocument.swift in Sources */ = {isa = PBXBuildFile; fileRef = EA39F51B104C8CC814A3AB72 /* AnnotationDocument.swift */; };
		2C8A698281597F1C5083C20F /* OverlayEventTap.swift in Sources */ = {isa = PBXBuildFile; fileRef = 56E919C91DC66F3DA690ECE1 /* OverlayEventTap.swift */; };
		30D95E784915C45C859EBE48 /* StripDockPosition.swift in Sources */ = {isa = PBXBuildFile; fileRef = ADA35FBA0B3D296ADBE9EFAC /* StripDockPosition.swift */; };
		3273100FBE04E02DE6E7F9BE /* HotkeyPreferencesStore.swift in Sources */ = {isa = PBXBuildFile; fileRef = B2A9E81A75B6D245C2C33C5D /* HotkeyPreferencesStore.swift */; };
		32B10939D9896A3B73EEC47C /* OverlayEvents.swift in Sources */ = {isa = PBXBuildFile; fileRef = 36FB0DEDBD7A1BD083EE1FAF /* OverlayEvents.swift */; };
		35E1A363B13B2B28C2140D29 /* HUDPlacement.swift in Sources */ = {isa = PBXBuildFile; fileRef = 37B820A71F809B940D3FB93C /* HUDPlacement.swift */; };
		37A27A783B28C6FACE8177A0 /* OverlayPreferencesStore.swift in Sources */ = {isa = PBXBuildFile; fileRef = A7B67AC26D66939C2C9418A4 /* OverlayPreferencesStore.swift */; };
		41F8DE5162424072BD6AAE5B /* ToolRegistry.swift in Sources */ = {isa = PBXBuildFile; fileRef = D06ADC0547475E56425A9BD9 /* ToolRegistry.swift */; };
		4E5257E0600686A529BC50AB /* CloudSyncManager.swift in Sources */ = {isa = PBXBuildFile; fileRef = 9FE472D22C5BF0666DC5A356 /* CloudSyncManager.swift */; };
		4F85639FBBEDCEBCF5CF3C1A /* PresentationWindowController.swift in Sources */ = {isa = PBXBuildFile; fileRef = 4D7DC48B45047519905C3BCC /* PresentationWindowController.swift */; };
		508CEB984BA066AF5A124932 /* SnapGuideManager.swift in Sources */ = {isa = PBXBuildFile; fileRef = 9C1DAF3196283B338BB8E362 /* SnapGuideManager.swift */; };
		51F58D96164A397C94DAF525 /* GIFExporter.swift in Sources */ = {isa = PBXBuildFile; fileRef = 9C0022699302F08D84D9C45C /* GIFExporter.swift */; };
		535835D1D7A940A5F00CC46F /* PermissionDiagnostics.swift in Sources */ = {isa = PBXBuildFile; fileRef = 2973034C181B384750CA241E /* PermissionDiagnostics.swift */; };
		5497082A834992C249AEB6D7 /* ScreenCaptureKitRecorder.swift in Sources */ = {isa = PBXBuildFile; fileRef = 5E5184A73B7CE30ED8B57533 /* ScreenCaptureKitRecorder.swift */; };
		5C97E2AC946D194BA4F21609 /* ScreenCaptureKitRecorder.swift in Sources */ = {isa = PBXBuildFile; fileRef = 5E5184A73B7CE30ED8B57533 /* ScreenCaptureKitRecorder.swift */; };
		5EE1D4C7F1777EDD01E3A55F /* FinderReveal.swift in Sources */ = {isa = PBXBuildFile; fileRef = 77E730663F694C513E0B7C5C /* FinderReveal.swift */; };
		60CC26F4A7EF118E1B2FD0F1 /* GIFExportPresenter.swift in Sources */ = {isa = PBXBuildFile; fileRef = F2978682EE899E6BAFE45454 /* GIFExportPresenter.swift */; };
		6160493B2A4A38099A7680F3 /* HotKeyManager.swift in Sources */ = {isa = PBXBuildFile; fileRef = C28B8CB2233AD6FE17EBF581 /* HotKeyManager.swift */; };
		6162C13AF8DE79B15DBA424E /* MeasurementTool.swift in Sources */ = {isa = PBXBuildFile; fileRef = 95E7F18550CA527EF9C30133 /* MeasurementTool.swift */; };
		6A3183969AEA1E534C421448 /* HUDPlacement.swift in Sources */ = {isa = PBXBuildFile; fileRef = 37B820A71F809B940D3FB93C /* HUDPlacement.swift */; };
		6B2379F24D1251137CC3F2EF /* WallpaperHelper.swift in Sources */ = {isa = PBXBuildFile; fileRef = FDC055A54601E5BD1A8B5EC9 /* WallpaperHelper.swift */; };
		6C8421E6C404DF9F4F93399D /* AccessibilityPermission.swift in Sources */ = {isa = PBXBuildFile; fileRef = 38289F65511C202EC0D15F6F /* AccessibilityPermission.swift */; };
		710B4EFC9749FE9646F983EF /* OverlayPreviewWindowController.swift in Sources */ = {isa = PBXBuildFile; fileRef = 8F93DF3C124290EB86C78DE6 /* OverlayPreviewWindowController.swift */; };
		71A455CB719605448FFF1729 /* CaptureLibrary.swift in Sources */ = {isa = PBXBuildFile; fileRef = C81F679C84E03D2AFE3624BE /* CaptureLibrary.swift */; };
		73CFAF455B0DA33A05211D02 /* EditorView.swift in Sources */ = {isa = PBXBuildFile; fileRef = 68F5EE040D0532E768451CA1 /* EditorView.swift */; };
		75F065DA0186609CF0B07E89 /* PermissionDiagnostics.swift in Sources */ = {isa = PBXBuildFile; fileRef = 2973034C181B384750CA241E /* PermissionDiagnostics.swift */; };
		78A309F3ECD6175177BA6673 /* OverlayEvents.swift in Sources */ = {isa = PBXBuildFile; fileRef = 36FB0DEDBD7A1BD083EE1FAF /* OverlayEvents.swift */; };
		79019DED3A70273482426D1D /* AppActivation.swift in Sources */ = {isa = PBXBuildFile; fileRef = 97EBDA10BE165B76F33654F9 /* AppActivation.swift */; };
		7B9E426181CF0C0F7A7FE04A /* PreferencesView.swift in Sources */ = {isa = PBXBuildFile; fileRef = 4FE467F0FC840B4062B1FE23 /* PreferencesView.swift */; };
		7F8B3DF979F36ABCE93CAB93 /* DonationWindowController.swift in Sources */ = {isa = PBXBuildFile; fileRef = 44826CBDF28F9FDD4E24665D /* DonationWindowController.swift */; };
		8375DA5CF2495CA51FCA4712 /* CaptureOCRIndexer.swift in Sources */ = {isa = PBXBuildFile; fileRef = BD223F6389FF2ACE8B06661E /* CaptureOCRIndexer.swift */; };
		8421793064A64A9250FF33D7 /* StripView.swift in Sources */ = {isa = PBXBuildFile; fileRef = 123E378D84C41ED609C155C2 /* StripView.swift */; };
		8511F22B5BCFC66F59C7D646 /* CaptureMetadata.swift in Sources */ = {isa = PBXBuildFile; fileRef = E8E2DBBEEEFE836F819BBF6B /* CaptureMetadata.swift */; };
		887FC211D099090F53AECAFA /* EditorWindowController.swift in Sources */ = {isa = PBXBuildFile; fileRef = 682F4BB49A4B7DBB221E04D4 /* EditorWindowController.swift */; };
		8EEF7FB1C4C3AD7AA83D1AEF /* RedactionDetector.swift in Sources */ = {isa = PBXBuildFile; fileRef = 955E3640AD656CC07FB3FC13 /* RedactionDetector.swift */; };
		95330E53F5DBE107264E9279 /* InputMonitoringPermission.swift in Sources */ = {isa = PBXBuildFile; fileRef = E32B619C918C6428827B9CC2 /* InputMonitoringPermission.swift */; };
		97C1D2A9B737C6005505AEA3 /* AnnotationTemplate.swift in Sources */ = {isa = PBXBuildFile; fileRef = B6B955AB1E463992FB8A92A9 /* AnnotationTemplate.swift */; };
		993DCB548416DB730DB01C75 /* ImageFilters.swift in Sources */ = {isa = PBXBuildFile; fileRef = 2F7C712A9071C1E427A5EF38 /* ImageFilters.swift */; };
		998F85489833E4D6E2C10481 /* SystemScreencaptureRecorder.swift in Sources */ = {isa = PBXBuildFile; fileRef = 6642F183214D07B38A4989EE /* SystemScreencaptureRecorder.swift */; };
		9CD8299BFB25D0BD126D5C6A /* AccessibilityPermission.swift in Sources */ = {isa = PBXBuildFile; fileRef = 38289F65511C202EC0D15F6F /* AccessibilityPermission.swift */; };
		A1297DFAB2D3EA372F66EAA2 /* EditorRenderer.swift in Sources */ = {isa = PBXBuildFile; fileRef = E6C512013972F078B66B18D2 /* EditorRenderer.swift */; };
		AC1144B2C1943B7B405AED20 /* SystemScreencaptureRecorder.swift in Sources */ = {isa = PBXBuildFile; fileRef = 6642F183214D07B38A4989EE /* SystemScreencaptureRecorder.swift */; };
		AE1E3E1D77E1AA944C6FAD09 /* VideoTrimPresenter.swift in Sources */ = {isa = PBXBuildFile; fileRef = 8409335758C7CD4280F670FF /* VideoTrimPresenter.swift */; };
		B0E0152DEE5EB14A4130C30B /* PreferencesWindowController.swift in Sources */ = {isa = PBXBuildFile; fileRef = D59DA9591EA8A05258F1358C /* PreferencesWindowController.swift */; };
		B4F1B579760AA0799E369203 /* StripWindowController.swift in Sources */ = {isa = PBXBuildFile; fileRef = 075820CCAA4E10C1E6D0D9A4 /* StripWindowController.swift */; };
		B73BE50D2C03C74B0C3426CC /* FloatingStopButton.swift in Sources */ = {isa = PBXBuildFile; fileRef = 4BA57A942DD7EB1DEAE6CD1F /* FloatingStopButton.swift */; };
		BD267D303E134B3A69D3B0A5 /* CaptureServiceProtocol.swift in Sources */ = {isa = PBXBuildFile; fileRef = 26A8A213CB64385DA710FFE6 /* CaptureServiceProtocol.swift */; };
		C74530137F359253B5C7B217 /* AnnotationTemplateStore.swift in Sources */ = {isa = PBXBuildFile; fileRef = 2F0CCE8DD9C559657AB00F10 /* AnnotationTemplateStore.swift */; };
		CAAD2DF715079BD794B9E668 /* SharePresenter.swift in Sources */ = {isa = PBXBuildFile; fileRef = D7A6B9F848191CE979E4FAF4 /* SharePresenter.swift */; };
		CBBF0115EB64426FE6ECC3F7 /* RecordingProtocol.swift in Sources */ = {isa = PBXBuildFile; fileRef = 6149C38586EF4B08AD2A32A9 /* RecordingProtocol.swift */; };
		D306DE76D48E3D36D996F934 /* RecordingProtocol.swift in Sources */ = {isa = PBXBuildFile; fileRef = 6149C38586EF4B08AD2A32A9 /* RecordingProtocol.swift */; };
		D451A6B7F9D9F979252F6028 /* RegionIndicatorWindow.swift in Sources */ = {isa = PBXBuildFile; fileRef = C68C3DB64BC4ED397081881E /* RegionIndicatorWindow.swift */; };
		D45E13399D98004D89C87D75 /* VideoTrimExporter.swift in Sources */ = {isa = PBXBuildFile; fileRef = 547CF871A3EA94BEB341DDFD /* VideoTrimExporter.swift */; };
		D58877CF5732B70A1A4BC448 /* OverlayPreviewView.swift in Sources */ = {isa = PBXBuildFile; fileRef = EC53EF7E15B1F3E824F37AE7 /* OverlayPreviewView.swift */; };
		D8BEF7CB791BEAA0E4E60E92 /* SystemScreencaptureScreenshotter.swift in Sources */ = {isa = PBXBuildFile; fileRef = 6A5FA0FFEC02DB97E70AD390 /* SystemScreencaptureScreenshotter.swift */; };
		D9EFDCB122EF5F2424C90568 /* ProPreferencesStore.swift in Sources */ = {isa = PBXBuildFile; fileRef = 20F2EE3033EB9ACBEC30FD8D /* ProPreferencesStore.swift */; };
		DA844418F2D91D852EADE414 /* StripState.swift in Sources */ = {isa = PBXBuildFile; fileRef = 783DE66BF4DFFA020474169A /* StripState.swift */; };
		DBE26D61BAB3CD489310E14E /* EdgeDetector.swift in Sources */ = {isa = PBXBuildFile; fileRef = 2F09A3E37C48DF69D2E66067 /* EdgeDetector.swift */; };
		DF6AF1FE29C9E4B19B821F2E /* CaptureService.xpc in CopyFiles */ = {isa = PBXBuildFile; fileRef = 391F46F453BF707DE1D94FFE /* CaptureService.xpc */; settings = {ATTRIBUTES = (CodeSignOnCopy, RemoveHeadersOnCopy, ); }; };
		E359B01FBE748D938C9BE261 /* OverlayPreviewWindowController.swift in Sources */ = {isa = PBXBuildFile; fileRef = 8F93DF3C124290EB86C78DE6 /* OverlayPreviewWindowController.swift */; };
		E4C8D6BE090CB4B5D1EEF3BC /* CaptureMetadataStore.swift in Sources */ = {isa = PBXBuildFile; fileRef = AB24BF619C212B85D6150082 /* CaptureMetadataStore.swift */; };
		E71EA343D10EBEA96BED9CFD /* WindowPicker.swift in Sources */ = {isa = PBXBuildFile; fileRef = FB88813A7932E7EC2C4BD818 /* WindowPicker.swift */; };
		E91949A40AC0C598E81DE6A7 /* RecordingPreflight.swift in Sources */ = {isa = PBXBuildFile; fileRef = C68EFC3FAA38783461F11BD8 /* RecordingPreflight.swift */; };
		EA4E57F4B04C2266B10E6762 /* CaptureItem.swift in Sources */ = {isa = PBXBuildFile; fileRef = 86CF36633EC68CF4588B4E07 /* CaptureItem.swift */; };
		ED8494FC6B71124F17A58353 /* PreferencesRootView.swift in Sources */ = {isa = PBXBuildFile; fileRef = 5658667FA07037A04A872FD6 /* PreferencesRootView.swift */; };
		EFECF1C9FEFD2381CD42C6F8 /* CaptureServiceProtocol.swift in Sources */ = {isa = PBXBuildFile; fileRef = 26A8A213CB64385DA710FFE6 /* CaptureServiceProtocol.swift */; };
		F1447640E681B79C35927B90 /* SendableShims.swift in Sources */ = {isa = PBXBuildFile; fileRef = F3EAF6B7ADD4F90D378C4C82 /* SendableShims.swift */; };
		F22925E770BEAFD1339297EE /* CaptureServiceClient.swift in Sources */ = {isa = PBXBuildFile; fileRef = 41A31B2A3A66998AD6F0F356 /* CaptureServiceClient.swift */; };
		F3E2E3E5C24F4C56DF95A94B /* ColorCodables.swift in Sources */ = {isa = PBXBuildFile; fileRef = 035B3ABA89D78A5007122176 /* ColorCodables.swift */; };
		F78042DA654240F0609BC115 /* OverlayEventTap.swift in Sources */ = {isa = PBXBuildFile; fileRef = 56E919C91DC66F3DA690ECE1 /* OverlayEventTap.swift */; };
		FAF94652720AA60627EE79C7 /* CaptureService.swift in Sources */ = {isa = PBXBuildFile; fileRef = 72DC04751C6014FEF091C515 /* CaptureService.swift */; };
		FC62DE5855D0C613C0B19FD0 /* CaptureBackgroundServices.swift in Sources */ = {isa = PBXBuildFile; fileRef = 0412AF8BEC781DFC7AE9CA84 /* CaptureBackgroundServices.swift */; };
		FCD110F24E0021AE5D99C744 /* ScreenRecordingPermission.swift in Sources */ = {isa = PBXBuildFile; fileRef = BE0DCDFDC126C2B147431C5F /* ScreenRecordingPermission.swift */; };
/* End PBXBuildFile section */

/* Begin PBXContainerItemProxy section */
		8B525781A586D1535C806333 /* PBXContainerItemProxy */ = {
			isa = PBXContainerItemProxy;
			containerPortal = 73D4435CC7142AE0EBADA504 /* Project object */;
			proxyType = 1;
			remoteGlobalIDString = D809D49B0932D3555F152431;
			remoteInfo = CaptureService;
		};
/* End PBXContainerItemProxy section */

/* Begin PBXCopyFilesBuildPhase section */
		60B970FAEE7FC06512C7EB29 /* CopyFiles */ = {
			isa = PBXCopyFilesBuildPhase;
			buildActionMask = 2147483647;
			dstPath = "$(CONTENTS_FOLDER_PATH)/XPCServices";
			dstSubfolderSpec = 16;
			files = (
				DF6AF1FE29C9E4B19B821F2E /* CaptureService.xpc in CopyFiles */,
			);
			runOnlyForDeploymentPostprocessing = 0;
		};
/* End PBXCopyFilesBuildPhase section */

/* Begin PBXFileReference section */
		035B3ABA89D78A5007122176 /* ColorCodables.swift */ = {isa = PBXFileReference; lastKnownFileType = sourcecode.swift; path = ColorCodables.swift; sourceTree = "<group>"; };
		0412AF8BEC781DFC7AE9CA84 /* CaptureBackgroundServices.swift */ = {isa = PBXFileReference; lastKnownFileType = sourcecode.swift; path = CaptureBackgroundServices.swift; sourceTree = "<group>"; };
		04BC7EA1695B7D7D764EA999 /* Assets.xcassets */ = {isa = PBXFileReference; lastKnownFileType = folder.assetcatalog; path = Assets.xcassets; sourceTree = "<group>"; };
		075820CCAA4E10C1E6D0D9A4 /* StripWindowController.swift */ = {isa = PBXFileReference; lastKnownFileType = sourcecode.swift; path = StripWindowController.swift; sourceTree = "<group>"; };
		0855E7E3A1DDA3D6340D3348 /* PreferencesPage.swift */ = {isa = PBXFileReference; lastKnownFileType = sourcecode.swift; path = PreferencesPage.swift; sourceTree = "<group>"; };
		123E378D84C41ED609C155C2 /* StripView.swift */ = {isa = PBXFileReference; lastKnownFileType = sourcecode.swift; path = StripView.swift; sourceTree = "<group>"; };
		20F2EE3033EB9ACBEC30FD8D /* ProPreferencesStore.swift */ = {isa = PBXFileReference; lastKnownFileType = sourcecode.swift; path = ProPreferencesStore.swift; sourceTree = "<group>"; };
		26A8A213CB64385DA710FFE6 /* CaptureServiceProtocol.swift */ = {isa = PBXFileReference; lastKnownFileType = sourcecode.swift; path = CaptureServiceProtocol.swift; sourceTree = "<group>"; };
		2973034C181B384750CA241E /* PermissionDiagnostics.swift */ = {isa = PBXFileReference; lastKnownFileType = sourcecode.swift; path = PermissionDiagnostics.swift; sourceTree = "<group>"; };
		2AF924D3C42D0237EE972496 /* Info.plist */ = {isa = PBXFileReference; lastKnownFileType = text.plist; path = Info.plist; sourceTree = "<group>"; };
		2F09A3E37C48DF69D2E66067 /* EdgeDetector.swift */ = {isa = PBXFileReference; lastKnownFileType = sourcecode.swift; path = EdgeDetector.swift; sourceTree = "<group>"; };
		2F0CCE8DD9C559657AB00F10 /* AnnotationTemplateStore.swift */ = {isa = PBXFileReference; lastKnownFileType = sourcecode.swift; path = AnnotationTemplateStore.swift; sourceTree = "<group>"; };
		2F7C712A9071C1E427A5EF38 /* ImageFilters.swift */ = {isa = PBXFileReference; lastKnownFileType = sourcecode.swift; path = ImageFilters.swift; sourceTree = "<group>"; };
		36FB0DEDBD7A1BD083EE1FAF /* OverlayEvents.swift */ = {isa = PBXFileReference; lastKnownFileType = sourcecode.swift; path = OverlayEvents.swift; sourceTree = "<group>"; };
		37B820A71F809B940D3FB93C /* HUDPlacement.swift */ = {isa = PBXFileReference; lastKnownFileType = sourcecode.swift; path = HUDPlacement.swift; sourceTree = "<group>"; };
		38289F65511C202EC0D15F6F /* AccessibilityPermission.swift */ = {isa = PBXFileReference; lastKnownFileType = sourcecode.swift; path = AccessibilityPermission.swift; sourceTree = "<group>"; };
		391F46F453BF707DE1D94FFE /* CaptureService.xpc */ = {isa = PBXFileReference; explicitFileType = "wrapper.xpc-service"; includeInIndex = 0; path = CaptureService.xpc; sourceTree = BUILT_PRODUCTS_DIR; };
		41A31B2A3A66998AD6F0F356 /* CaptureServiceClient.swift */ = {isa = PBXFileReference; lastKnownFileType = sourcecode.swift; path = CaptureServiceClient.swift; sourceTree = "<group>"; };
		438055335F23F1E05D2C54A7 /* AppDelegate.swift */ = {isa = PBXFileReference; lastKnownFileType = sourcecode.swift; path = AppDelegate.swift; sourceTree = "<group>"; };
		44826CBDF28F9FDD4E24665D /* DonationWindowController.swift */ = {isa = PBXFileReference; lastKnownFileType = sourcecode.swift; path = DonationWindowController.swift; sourceTree = "<group>"; };
		4BA57A942DD7EB1DEAE6CD1F /* FloatingStopButton.swift */ = {isa = PBXFileReference; lastKnownFileType = sourcecode.swift; path = FloatingStopButton.swift; sourceTree = "<group>"; };
		4D7DC48B45047519905C3BCC /* PresentationWindowController.swift */ = {isa = PBXFileReference; lastKnownFileType = sourcecode.swift; path = PresentationWindowController.swift; sourceTree = "<group>"; };
		4E4604851EDF157B3DB1B21F /* ReusableElementStore.swift */ = {isa = PBXFileReference; lastKnownFileType = sourcecode.swift; path = ReusableElementStore.swift; sourceTree = "<group>"; };
		4FE467F0FC840B4062B1FE23 /* PreferencesView.swift */ = {isa = PBXFileReference; lastKnownFileType = sourcecode.swift; path = PreferencesView.swift; sourceTree = "<group>"; };
		547CF871A3EA94BEB341DDFD /* VideoTrimExporter.swift */ = {isa = PBXFileReference; lastKnownFileType = sourcecode.swift; path = VideoTrimExporter.swift; sourceTree = "<group>"; };
		5658667FA07037A04A872FD6 /* PreferencesRootView.swift */ = {isa = PBXFileReference; lastKnownFileType = sourcecode.swift; path = PreferencesRootView.swift; sourceTree = "<group>"; };
		56E919C91DC66F3DA690ECE1 /* OverlayEventTap.swift */ = {isa = PBXFileReference; lastKnownFileType = sourcecode.swift; path = OverlayEventTap.swift; sourceTree = "<group>"; };
		5E5184A73B7CE30ED8B57533 /* ScreenCaptureKitRecorder.swift */ = {isa = PBXFileReference; lastKnownFileType = sourcecode.swift; path = ScreenCaptureKitRecorder.swift; sourceTree = "<group>"; };
		6149C38586EF4B08AD2A32A9 /* RecordingProtocol.swift */ = {isa = PBXFileReference; lastKnownFileType = sourcecode.swift; path = RecordingProtocol.swift; sourceTree = "<group>"; };
		6642F183214D07B38A4989EE /* SystemScreencaptureRecorder.swift */ = {isa = PBXFileReference; lastKnownFileType = sourcecode.swift; path = SystemScreencaptureRecorder.swift; sourceTree = "<group>"; };
		682F4BB49A4B7DBB221E04D4 /* EditorWindowController.swift */ = {isa = PBXFileReference; lastKnownFileType = sourcecode.swift; path = EditorWindowController.swift; sourceTree = "<group>"; };
		68F5EE040D0532E768451CA1 /* EditorView.swift */ = {isa = PBXFileReference; lastKnownFileType = sourcecode.swift; path = EditorView.swift; sourceTree = "<group>"; };
		6A5FA0FFEC02DB97E70AD390 /* SystemScreencaptureScreenshotter.swift */ = {isa = PBXFileReference; lastKnownFileType = sourcecode.swift; path = SystemScreencaptureScreenshotter.swift; sourceTree = "<group>"; };
		6FC42F66139ABDDA6267FC32 /* EditorCanvasView.swift */ = {isa = PBXFileReference; lastKnownFileType = sourcecode.swift; path = EditorCanvasView.swift; sourceTree = "<group>"; };
		72DC04751C6014FEF091C515 /* CaptureService.swift */ = {isa = PBXFileReference; lastKnownFileType = sourcecode.swift; path = CaptureService.swift; sourceTree = "<group>"; };
		77E730663F694C513E0B7C5C /* FinderReveal.swift */ = {isa = PBXFileReference; lastKnownFileType = sourcecode.swift; path = FinderReveal.swift; sourceTree = "<group>"; };
		783DE66BF4DFFA020474169A /* StripState.swift */ = {isa = PBXFileReference; lastKnownFileType = sourcecode.swift; path = StripState.swift; sourceTree = "<group>"; };
		83886A0BAA592C089A3A240C /* RegionSelectionOverlay.swift */ = {isa = PBXFileReference; lastKnownFileType = sourcecode.swift; path = RegionSelectionOverlay.swift; sourceTree = "<group>"; };
		8409335758C7CD4280F670FF /* VideoTrimPresenter.swift */ = {isa = PBXFileReference; lastKnownFileType = sourcecode.swift; path = VideoTrimPresenter.swift; sourceTree = "<group>"; };
		86CF36633EC68CF4588B4E07 /* CaptureItem.swift */ = {isa = PBXFileReference; lastKnownFileType = sourcecode.swift; path = CaptureItem.swift; sourceTree = "<group>"; };
		8BA685A16D0B83121F1B0D92 /* DirectoryWatcher.swift */ = {isa = PBXFileReference; lastKnownFileType = sourcecode.swift; path = DirectoryWatcher.swift; sourceTree = "<group>"; };
		8F93DF3C124290EB86C78DE6 /* OverlayPreviewWindowController.swift */ = {isa = PBXFileReference; lastKnownFileType = sourcecode.swift; path = OverlayPreviewWindowController.swift; sourceTree = "<group>"; };
		955E3640AD656CC07FB3FC13 /* RedactionDetector.swift */ = {isa = PBXFileReference; lastKnownFileType = sourcecode.swift; path = RedactionDetector.swift; sourceTree = "<group>"; };
		95E7F18550CA527EF9C30133 /* MeasurementTool.swift */ = {isa = PBXFileReference; lastKnownFileType = sourcecode.swift; path = MeasurementTool.swift; sourceTree = "<group>"; };
		97EBDA10BE165B76F33654F9 /* AppActivation.swift */ = {isa = PBXFileReference; lastKnownFileType = sourcecode.swift; path = AppActivation.swift; sourceTree = "<group>"; };
		9AE82028F9B284CB4A1824C1 /* SnipSnap.app */ = {isa = PBXFileReference; explicitFileType = wrapper.application; includeInIndex = 0; path = SnipSnap.app; sourceTree = BUILT_PRODUCTS_DIR; };
		9C0022699302F08D84D9C45C /* GIFExporter.swift */ = {isa = PBXFileReference; lastKnownFileType = sourcecode.swift; path = GIFExporter.swift; sourceTree = "<group>"; };
		9C1DAF3196283B338BB8E362 /* SnapGuideManager.swift */ = {isa = PBXFileReference; lastKnownFileType = sourcecode.swift; path = SnapGuideManager.swift; sourceTree = "<group>"; };
		9FE472D22C5BF0666DC5A356 /* CloudSyncManager.swift */ = {isa = PBXFileReference; lastKnownFileType = sourcecode.swift; path = CloudSyncManager.swift; sourceTree = "<group>"; };
		A7B67AC26D66939C2C9418A4 /* OverlayPreferencesStore.swift */ = {isa = PBXFileReference; lastKnownFileType = sourcecode.swift; path = OverlayPreferencesStore.swift; sourceTree = "<group>"; };
		AB24BF619C212B85D6150082 /* CaptureMetadataStore.swift */ = {isa = PBXFileReference; lastKnownFileType = sourcecode.swift; path = CaptureMetadataStore.swift; sourceTree = "<group>"; };
		ADA35FBA0B3D296ADBE9EFAC /* StripDockPosition.swift */ = {isa = PBXFileReference; lastKnownFileType = sourcecode.swift; path = StripDockPosition.swift; sourceTree = "<group>"; };
		B2A9E81A75B6D245C2C33C5D /* HotkeyPreferencesStore.swift */ = {isa = PBXFileReference; lastKnownFileType = sourcecode.swift; path = HotkeyPreferencesStore.swift; sourceTree = "<group>"; };
		B55A06F782E292CE42AAE50D /* DelayedCaptureCountdown.swift */ = {isa = PBXFileReference; lastKnownFileType = sourcecode.swift; path = DelayedCaptureCountdown.swift; sourceTree = "<group>"; };
		B6B955AB1E463992FB8A92A9 /* AnnotationTemplate.swift */ = {isa = PBXFileReference; lastKnownFileType = sourcecode.swift; path = AnnotationTemplate.swift; sourceTree = "<group>"; };
		BD223F6389FF2ACE8B06661E /* CaptureOCRIndexer.swift */ = {isa = PBXFileReference; lastKnownFileType = sourcecode.swift; path = CaptureOCRIndexer.swift; sourceTree = "<group>"; };
		BE0DCDFDC126C2B147431C5F /* ScreenRecordingPermission.swift */ = {isa = PBXFileReference; lastKnownFileType = sourcecode.swift; path = ScreenRecordingPermission.swift; sourceTree = "<group>"; };
		C28B8CB2233AD6FE17EBF581 /* HotKeyManager.swift */ = {isa = PBXFileReference; lastKnownFileType = sourcecode.swift; path = HotKeyManager.swift; sourceTree = "<group>"; };
		C68C3DB64BC4ED397081881E /* RegionIndicatorWindow.swift */ = {isa = PBXFileReference; lastKnownFileType = sourcecode.swift; path = RegionIndicatorWindow.swift; sourceTree = "<group>"; };
		C68EFC3FAA38783461F11BD8 /* RecordingPreflight.swift */ = {isa = PBXFileReference; lastKnownFileType = sourcecode.swift; path = RecordingPreflight.swift; sourceTree = "<group>"; };
		C81F679C84E03D2AFE3624BE /* CaptureLibrary.swift */ = {isa = PBXFileReference; lastKnownFileType = sourcecode.swift; path = CaptureLibrary.swift; sourceTree = "<group>"; };
		D06ADC0547475E56425A9BD9 /* ToolRegistry.swift */ = {isa = PBXFileReference; lastKnownFileType = sourcecode.swift; path = ToolRegistry.swift; sourceTree = "<group>"; };
		D59DA9591EA8A05258F1358C /* PreferencesWindowController.swift */ = {isa = PBXFileReference; lastKnownFileType = sourcecode.swift; path = PreferencesWindowController.swift; sourceTree = "<group>"; };
		D7A6B9F848191CE979E4FAF4 /* SharePresenter.swift */ = {isa = PBXFileReference; lastKnownFileType = sourcecode.swift; path = SharePresenter.swift; sourceTree = "<group>"; };
		D83FEDF9174EFA42903C9430 /* EditorToolProtocol.swift */ = {isa = PBXFileReference; lastKnownFileType = sourcecode.swift; path = EditorToolProtocol.swift; sourceTree = "<group>"; };
		DBC266AB67A6924073D42009 /* main.swift */ = {isa = PBXFileReference; lastKnownFileType = sourcecode.swift; path = main.swift; sourceTree = "<group>"; };
		DCD7B21FB7253886E060FEA0 /* AnnotationModels.swift */ = {isa = PBXFileReference; lastKnownFileType = sourcecode.swift; path = AnnotationModels.swift; sourceTree = "<group>"; };
		E32B619C918C6428827B9CC2 /* InputMonitoringPermission.swift */ = {isa = PBXFileReference; lastKnownFileType = sourcecode.swift; path = InputMonitoringPermission.swift; sourceTree = "<group>"; };
		E6C512013972F078B66B18D2 /* EditorRenderer.swift */ = {isa = PBXFileReference; lastKnownFileType = sourcecode.swift; path = EditorRenderer.swift; sourceTree = "<group>"; };
		E8E2DBBEEEFE836F819BBF6B /* CaptureMetadata.swift */ = {isa = PBXFileReference; lastKnownFileType = sourcecode.swift; path = CaptureMetadata.swift; sourceTree = "<group>"; };
		EA39F51B104C8CC814A3AB72 /* AnnotationDocument.swift */ = {isa = PBXFileReference; lastKnownFileType = sourcecode.swift; path = AnnotationDocument.swift; sourceTree = "<group>"; };
		EC53EF7E15B1F3E824F37AE7 /* OverlayPreviewView.swift */ = {isa = PBXFileReference; lastKnownFileType = sourcecode.swift; path = OverlayPreviewView.swift; sourceTree = "<group>"; };
		F2978682EE899E6BAFE45454 /* GIFExportPresenter.swift */ = {isa = PBXFileReference; lastKnownFileType = sourcecode.swift; path = GIFExportPresenter.swift; sourceTree = "<group>"; };
		F3EAF6B7ADD4F90D378C4C82 /* SendableShims.swift */ = {isa = PBXFileReference; lastKnownFileType = sourcecode.swift; path = SendableShims.swift; sourceTree = "<group>"; };
		F52FB2F003F3AD74B60BAD95 /* CaptureService.entitlements */ = {isa = PBXFileReference; lastKnownFileType = text.plist.entitlements; path = CaptureService.entitlements; sourceTree = "<group>"; };
		FB88813A7932E7EC2C4BD818 /* WindowPicker.swift */ = {isa = PBXFileReference; lastKnownFileType = sourcecode.swift; path = WindowPicker.swift; sourceTree = "<group>"; };
		FD45AEC0D8BDE316F4F7F1E7 /* main.swift */ = {isa = PBXFileReference; lastKnownFileType = sourcecode.swift; path = main.swift; sourceTree = "<group>"; };
		FDC055A54601E5BD1A8B5EC9 /* WallpaperHelper.swift */ = {isa = PBXFileReference; lastKnownFileType = sourcecode.swift; path = WallpaperHelper.swift; sourceTree = "<group>"; };
/* End PBXFileReference section */

/* Begin PBXGroup section */
		0B726DB414B6E2ADAC2E45CF /* Snapping */ = {
			isa = PBXGroup;
			children = (
				2F09A3E37C48DF69D2E66067 /* EdgeDetector.swift */,
				9C1DAF3196283B338BB8E362 /* SnapGuideManager.swift */,
			);
			path = Snapping;
			sourceTree = "<group>";
		};
		11D60646162AA0A79F9EB157 /* Resources */ = {
			isa = PBXGroup;
			children = (
				04BC7EA1695B7D7D764EA999 /* Assets.xcassets */,
			);
			path = Resources;
			sourceTree = "<group>";
		};
		1333467739BAE8B3A03E03AB /* IPC */ = {
			isa = PBXGroup;
			children = (
				26A8A213CB64385DA710FFE6 /* CaptureServiceProtocol.swift */,
			);
			name = IPC;
			path = Sources/IPC;
			sourceTree = "<group>";
		};
		153733E9FECAFBEBB90BAD2E /* Recording */ = {
			isa = PBXGroup;
			children = (
				36FB0DEDBD7A1BD083EE1FAF /* OverlayEvents.swift */,
				56E919C91DC66F3DA690ECE1 /* OverlayEventTap.swift */,
				8F93DF3C124290EB86C78DE6 /* OverlayPreviewWindowController.swift */,
				6149C38586EF4B08AD2A32A9 /* RecordingProtocol.swift */,
				5E5184A73B7CE30ED8B57533 /* ScreenCaptureKitRecorder.swift */,
				F3EAF6B7ADD4F90D378C4C82 /* SendableShims.swift */,
				6642F183214D07B38A4989EE /* SystemScreencaptureRecorder.swift */,
				6A5FA0FFEC02DB97E70AD390 /* SystemScreencaptureScreenshotter.swift */,
			);
			name = Recording;
			path = Sources/Recording;
			sourceTree = "<group>";
		};
		17A52B54AF0E94745186F782 /* Hotkeys */ = {
			isa = PBXGroup;
			children = (
				C28B8CB2233AD6FE17EBF581 /* HotKeyManager.swift */,
				B2A9E81A75B6D245C2C33C5D /* HotkeyPreferencesStore.swift */,
			);
			path = Hotkeys;
			sourceTree = "<group>";
		};
		3242F74651FEF0169F9F2FF1 /* Preferences */ = {
			isa = PBXGroup;
			children = (
				37B820A71F809B940D3FB93C /* HUDPlacement.swift */,
				A7B67AC26D66939C2C9418A4 /* OverlayPreferencesStore.swift */,
				EC53EF7E15B1F3E824F37AE7 /* OverlayPreviewView.swift */,
				0855E7E3A1DDA3D6340D3348 /* PreferencesPage.swift */,
				5658667FA07037A04A872FD6 /* PreferencesRootView.swift */,
				4FE467F0FC840B4062B1FE23 /* PreferencesView.swift */,
				D59DA9591EA8A05258F1358C /* PreferencesWindowController.swift */,
			);
			name = Preferences;
			path = Sources/Preferences;
			sourceTree = "<group>";
		};
		3AF5941D3602AA0ACB74E6DA /* App */ = {
			isa = PBXGroup;
			children = (
				97EBDA10BE165B76F33654F9 /* AppActivation.swift */,
				438055335F23F1E05D2C54A7 /* AppDelegate.swift */,
				41A31B2A3A66998AD6F0F356 /* CaptureServiceClient.swift */,
				B55A06F782E292CE42AAE50D /* DelayedCaptureCountdown.swift */,
				44826CBDF28F9FDD4E24665D /* DonationWindowController.swift */,
				77E730663F694C513E0B7C5C /* FinderReveal.swift */,
				4BA57A942DD7EB1DEAE6CD1F /* FloatingStopButton.swift */,
				DBC266AB67A6924073D42009 /* main.swift */,
				C68EFC3FAA38783461F11BD8 /* RecordingPreflight.swift */,
				C68C3DB64BC4ED397081881E /* RegionIndicatorWindow.swift */,
				83886A0BAA592C089A3A240C /* RegionSelectionOverlay.swift */,
				FB88813A7932E7EC2C4BD818 /* WindowPicker.swift */,
			);
			path = App;
			sourceTree = "<group>";
		};
		4B9B29EC11AE12B896460792 /* Strip */ = {
			isa = PBXGroup;
			children = (
				86CF36633EC68CF4588B4E07 /* CaptureItem.swift */,
				C81F679C84E03D2AFE3624BE /* CaptureLibrary.swift */,
				8BA685A16D0B83121F1B0D92 /* DirectoryWatcher.swift */,
				ADA35FBA0B3D296ADBE9EFAC /* StripDockPosition.swift */,
				783DE66BF4DFFA020474169A /* StripState.swift */,
				123E378D84C41ED609C155C2 /* StripView.swift */,
				075820CCAA4E10C1E6D0D9A4 /* StripWindowController.swift */,
			);
			path = Strip;
			sourceTree = "<group>";
		};
		62CC8694B705B23B84EC3064 /* Editor */ = {
			isa = PBXGroup;
			children = (
				EA39F51B104C8CC814A3AB72 /* AnnotationDocument.swift */,
				DCD7B21FB7253886E060FEA0 /* AnnotationModels.swift */,
				6FC42F66139ABDDA6267FC32 /* EditorCanvasView.swift */,
				E6C512013972F078B66B18D2 /* EditorRenderer.swift */,
				68F5EE040D0532E768451CA1 /* EditorView.swift */,
				682F4BB49A4B7DBB221E04D4 /* EditorWindowController.swift */,
				2F7C712A9071C1E427A5EF38 /* ImageFilters.swift */,
				FDC055A54601E5BD1A8B5EC9 /* WallpaperHelper.swift */,
				0B726DB414B6E2ADAC2E45CF /* Snapping */,
				C6157F55EE28223221EB994F /* Tools */,
			);
			path = Editor;
			sourceTree = "<group>";
		};
		697AA08ED53EC600C5D2620B /* CaptureServiceXPC */ = {
			isa = PBXGroup;
			children = (
				F52FB2F003F3AD74B60BAD95 /* CaptureService.entitlements */,
				72DC04751C6014FEF091C515 /* CaptureService.swift */,
				2AF924D3C42D0237EE972496 /* Info.plist */,
				FD45AEC0D8BDE316F4F7F1E7 /* main.swift */,
			);
			path = CaptureServiceXPC;
			sourceTree = "<group>";
		};
		6AEA2318A1FE29A85709FC30 /* Pro */ = {
			isa = PBXGroup;
			children = (
				B6B955AB1E463992FB8A92A9 /* AnnotationTemplate.swift */,
				2F0CCE8DD9C559657AB00F10 /* AnnotationTemplateStore.swift */,
				0412AF8BEC781DFC7AE9CA84 /* CaptureBackgroundServices.swift */,
				E8E2DBBEEEFE836F819BBF6B /* CaptureMetadata.swift */,
				AB24BF619C212B85D6150082 /* CaptureMetadataStore.swift */,
				BD223F6389FF2ACE8B06661E /* CaptureOCRIndexer.swift */,
				9FE472D22C5BF0666DC5A356 /* CloudSyncManager.swift */,
				035B3ABA89D78A5007122176 /* ColorCodables.swift */,
				9C0022699302F08D84D9C45C /* GIFExporter.swift */,
				F2978682EE899E6BAFE45454 /* GIFExportPresenter.swift */,
				4D7DC48B45047519905C3BCC /* PresentationWindowController.swift */,
				20F2EE3033EB9ACBEC30FD8D /* ProPreferencesStore.swift */,
				955E3640AD656CC07FB3FC13 /* RedactionDetector.swift */,
				4E4604851EDF157B3DB1B21F /* ReusableElementStore.swift */,
				D7A6B9F848191CE979E4FAF4 /* SharePresenter.swift */,
				547CF871A3EA94BEB341DDFD /* VideoTrimExporter.swift */,
				8409335758C7CD4280F670FF /* VideoTrimPresenter.swift */,
			);
			path = Pro;
			sourceTree = "<group>";
		};
		A1A14AFB5ACA682D4B2438BF = {
			isa = PBXGroup;
			children = (
				697AA08ED53EC600C5D2620B /* CaptureServiceXPC */,
				1333467739BAE8B3A03E03AB /* IPC */,
				D5148E081A684D212362719E /* Permissions */,
				3242F74651FEF0169F9F2FF1 /* Preferences */,
				153733E9FECAFBEBB90BAD2E /* Recording */,
				E7D34C2098940A750CC34B4E /* Sources */,
				E91CE6D2881EC4A249BBF5F5 /* Products */,
			);
			sourceTree = "<group>";
		};
		C6157F55EE28223221EB994F /* Tools */ = {
			isa = PBXGroup;
			children = (
				D83FEDF9174EFA42903C9430 /* EditorToolProtocol.swift */,
				95E7F18550CA527EF9C30133 /* MeasurementTool.swift */,
				D06ADC0547475E56425A9BD9 /* ToolRegistry.swift */,
			);
			path = Tools;
			sourceTree = "<group>";
		};
		D5148E081A684D212362719E /* Permissions */ = {
			isa = PBXGroup;
			children = (
				38289F65511C202EC0D15F6F /* AccessibilityPermission.swift */,
				E32B619C918C6428827B9CC2 /* InputMonitoringPermission.swift */,
				2973034C181B384750CA241E /* PermissionDiagnostics.swift */,
				BE0DCDFDC126C2B147431C5F /* ScreenRecordingPermission.swift */,
			);
			name = Permissions;
			path = Sources/Permissions;
			sourceTree = "<group>";
		};
		E7D34C2098940A750CC34B4E /* Sources */ = {
			isa = PBXGroup;
			children = (
				3AF5941D3602AA0ACB74E6DA /* App */,
				62CC8694B705B23B84EC3064 /* Editor */,
				17A52B54AF0E94745186F782 /* Hotkeys */,
				1333467739BAE8B3A03E03AB /* IPC */,
				D5148E081A684D212362719E /* Permissions */,
				3242F74651FEF0169F9F2FF1 /* Preferences */,
				6AEA2318A1FE29A85709FC30 /* Pro */,
				153733E9FECAFBEBB90BAD2E /* Recording */,
				11D60646162AA0A79F9EB157 /* Resources */,
				4B9B29EC11AE12B896460792 /* Strip */,
			);
			path = Sources;
			sourceTree = "<group>";
		};
		E91CE6D2881EC4A249BBF5F5 /* Products */ = {
			isa = PBXGroup;
			children = (
				391F46F453BF707DE1D94FFE /* CaptureService.xpc */,
				9AE82028F9B284CB4A1824C1 /* SnipSnap.app */,
			);
			name = Products;
			sourceTree = "<group>";
		};
/* End PBXGroup section */

/* Begin PBXNativeTarget section */
		B326219152D47D9D79DD805E /* SnipSnap */ = {
			isa = PBXNativeTarget;
			buildConfigurationList = 109589696453A7C71F9BBC8C /* Build configuration list for PBXNativeTarget "SnipSnap" */;
			buildPhases = (
				F4F127019D44092F68182810 /* Sources */,
				767104BF8E6AF78605CC2D43 /* Resources */,
				60B970FAEE7FC06512C7EB29 /* CopyFiles */,
			);
			buildRules = (
			);
			dependencies = (
				09E5FC7822ABA69A538175B1 /* PBXTargetDependency */,
			);
			name = SnipSnap;
			packageProductDependencies = (
			);
			productName = SnipSnap;
			productReference = 9AE82028F9B284CB4A1824C1 /* SnipSnap.app */;
			productType = "com.apple.product-type.application";
		};
		D809D49B0932D3555F152431 /* CaptureService */ = {
			isa = PBXNativeTarget;
			buildConfigurationList = F89ADDFEE30793C19833CE3A /* Build configuration list for PBXNativeTarget "CaptureService" */;
			buildPhases = (
				DFC589F05FCD4FFC21CC919F /* Sources */,
			);
			buildRules = (
			);
			dependencies = (
			);
			name = CaptureService;
			packageProductDependencies = (
			);
			productName = CaptureService;
			productReference = 391F46F453BF707DE1D94FFE /* CaptureService.xpc */;
			productType = "com.apple.product-type.xpc-service";
		};
/* End PBXNativeTarget section */

/* Begin PBXProject section */
		73D4435CC7142AE0EBADA504 /* Project object */ = {
			isa = PBXProject;
			attributes = {
				BuildIndependentTargetsInParallel = YES;
				LastUpgradeCheck = 1430;
				TargetAttributes = {
					B326219152D47D9D79DD805E = {
						DevelopmentTeam = "";
						ProvisioningStyle = Manual;
					};
					D809D49B0932D3555F152431 = {
						DevelopmentTeam = "";
						ProvisioningStyle = Manual;
					};
				};
			};
			buildConfigurationList = 9D42394B3E9D5BB57D0E83BB /* Build configuration list for PBXProject "SnipSnap" */;
			compatibilityVersion = "Xcode 14.0";
			developmentRegion = en;
			hasScannedForEncodings = 0;
			knownRegions = (
				Base,
				en,
			);
			mainGroup = A1A14AFB5ACA682D4B2438BF;
			minimizedProjectReferenceProxies = 1;
			preferredProjectObjectVersion = 77;
			projectDirPath = "";
			projectRoot = "";
			targets = (
				D809D49B0932D3555F152431 /* CaptureService */,
				B326219152D47D9D79DD805E /* SnipSnap */,
			);
		};
/* End PBXProject section */

/* Begin PBXResourcesBuildPhase section */
		767104BF8E6AF78605CC2D43 /* Resources */ = {
			isa = PBXResourcesBuildPhase;
			buildActionMask = 2147483647;
			files = (
				089B1C058D9F8073D2271131 /* Assets.xcassets in Resources */,
			);
			runOnlyForDeploymentPostprocessing = 0;
		};
/* End PBXResourcesBuildPhase section */

/* Begin PBXSourcesBuildPhase section */
		DFC589F05FCD4FFC21CC919F /* Sources */ = {
			isa = PBXSourcesBuildPhase;
			buildActionMask = 2147483647;
			files = (
				6C8421E6C404DF9F4F93399D /* AccessibilityPermission.swift in Sources */,
				FAF94652720AA60627EE79C7 /* CaptureService.swift in Sources */,
				EFECF1C9FEFD2381CD42C6F8 /* CaptureServiceProtocol.swift in Sources */,
				35E1A363B13B2B28C2140D29 /* HUDPlacement.swift in Sources */,
				95330E53F5DBE107264E9279 /* InputMonitoringPermission.swift in Sources */,
				2C8A698281597F1C5083C20F /* OverlayEventTap.swift in Sources */,
				78A309F3ECD6175177BA6673 /* OverlayEvents.swift in Sources */,
				710B4EFC9749FE9646F983EF /* OverlayPreviewWindowController.swift in Sources */,
				535835D1D7A940A5F00CC46F /* PermissionDiagnostics.swift in Sources */,
				D306DE76D48E3D36D996F934 /* RecordingProtocol.swift in Sources */,
				5C97E2AC946D194BA4F21609 /* ScreenCaptureKitRecorder.swift in Sources */,
				FCD110F24E0021AE5D99C744 /* ScreenRecordingPermission.swift in Sources */,
				F1447640E681B79C35927B90 /* SendableShims.swift in Sources */,
				AC1144B2C1943B7B405AED20 /* SystemScreencaptureRecorder.swift in Sources */,
				1E328377525908E6C3902470 /* SystemScreencaptureScreenshotter.swift in Sources */,
				1C86176F38B61B99D8FE04FB /* main.swift in Sources */,
			);
			runOnlyForDeploymentPostprocessing = 0;
		};
		F4F127019D44092F68182810 /* Sources */ = {
			isa = PBXSourcesBuildPhase;
			buildActionMask = 2147483647;
			files = (
				9CD8299BFB25D0BD126D5C6A /* AccessibilityPermission.swift in Sources */,
				28CB75AA6FD2D805719CB9B7 /* AnnotationDocument.swift in Sources */,
				1FA5A6EF810CA87791A450A0 /* AnnotationModels.swift in Sources */,
				97C1D2A9B737C6005505AEA3 /* AnnotationTemplate.swift in Sources */,
				C74530137F359253B5C7B217 /* AnnotationTemplateStore.swift in Sources */,
				79019DED3A70273482426D1D /* AppActivation.swift in Sources */,
				1B679873B71E17AAE6704FA3 /* AppDelegate.swift in Sources */,
				FC62DE5855D0C613C0B19FD0 /* CaptureBackgroundServices.swift in Sources */,
				EA4E57F4B04C2266B10E6762 /* CaptureItem.swift in Sources */,
				71A455CB719605448FFF1729 /* CaptureLibrary.swift in Sources */,
				8511F22B5BCFC66F59C7D646 /* CaptureMetadata.swift in Sources */,
				E4C8D6BE090CB4B5D1EEF3BC /* CaptureMetadataStore.swift in Sources */,
				8375DA5CF2495CA51FCA4712 /* CaptureOCRIndexer.swift in Sources */,
				F22925E770BEAFD1339297EE /* CaptureServiceClient.swift in Sources */,
				BD267D303E134B3A69D3B0A5 /* CaptureServiceProtocol.swift in Sources */,
				4E5257E0600686A529BC50AB /* CloudSyncManager.swift in Sources */,
				F3E2E3E5C24F4C56DF95A94B /* ColorCodables.swift in Sources */,
				1857834E483416D52C2C0F05 /* DelayedCaptureCountdown.swift in Sources */,
				0168EF494E8DE6ECAFE57E1E /* DirectoryWatcher.swift in Sources */,
				7F8B3DF979F36ABCE93CAB93 /* DonationWindowController.swift in Sources */,
				DBE26D61BAB3CD489310E14E /* EdgeDetector.swift in Sources */,
				1C7080A3B0E76D168CC8DC24 /* EditorCanvasView.swift in Sources */,
				A1297DFAB2D3EA372F66EAA2 /* EditorRenderer.swift in Sources */,
				13878544E23A8B254D44A6F7 /* EditorToolProtocol.swift in Sources */,
				73CFAF455B0DA33A05211D02 /* EditorView.swift in Sources */,
				887FC211D099090F53AECAFA /* EditorWindowController.swift in Sources */,
				5EE1D4C7F1777EDD01E3A55F /* FinderReveal.swift in Sources */,
				B73BE50D2C03C74B0C3426CC /* FloatingStopButton.swift in Sources */,
				60CC26F4A7EF118E1B2FD0F1 /* GIFExportPresenter.swift in Sources */,
				51F58D96164A397C94DAF525 /* GIFExporter.swift in Sources */,
				6A3183969AEA1E534C421448 /* HUDPlacement.swift in Sources */,
				6160493B2A4A38099A7680F3 /* HotKeyManager.swift in Sources */,
				3273100FBE04E02DE6E7F9BE /* HotkeyPreferencesStore.swift in Sources */,
				993DCB548416DB730DB01C75 /* ImageFilters.swift in Sources */,
				1EC36B6EAB469A9E9128600C /* InputMonitoringPermission.swift in Sources */,
				6162C13AF8DE79B15DBA424E /* MeasurementTool.swift in Sources */,
				F78042DA654240F0609BC115 /* OverlayEventTap.swift in Sources */,
				32B10939D9896A3B73EEC47C /* OverlayEvents.swift in Sources */,
				37A27A783B28C6FACE8177A0 /* OverlayPreferencesStore.swift in Sources */,
				D58877CF5732B70A1A4BC448 /* OverlayPreviewView.swift in Sources */,
				E359B01FBE748D938C9BE261 /* OverlayPreviewWindowController.swift in Sources */,
				75F065DA0186609CF0B07E89 /* PermissionDiagnostics.swift in Sources */,
				0C7F8BEBCAE7ED5F23E1B76B /* PreferencesPage.swift in Sources */,
				ED8494FC6B71124F17A58353 /* PreferencesRootView.swift in Sources */,
				7B9E426181CF0C0F7A7FE04A /* PreferencesView.swift in Sources */,
				B0E0152DEE5EB14A4130C30B /* PreferencesWindowController.swift in Sources */,
				4F85639FBBEDCEBCF5CF3C1A /* PresentationWindowController.swift in Sources */,
				D9EFDCB122EF5F2424C90568 /* ProPreferencesStore.swift in Sources */,
				E91949A40AC0C598E81DE6A7 /* RecordingPreflight.swift in Sources */,
				CBBF0115EB64426FE6ECC3F7 /* RecordingProtocol.swift in Sources */,
				8EEF7FB1C4C3AD7AA83D1AEF /* RedactionDetector.swift in Sources */,
				D451A6B7F9D9F979252F6028 /* RegionIndicatorWindow.swift in Sources */,
				12C7FB188271B351E433A02C /* RegionSelectionOverlay.swift in Sources */,
				0258440B90A9E9EFE355DFD5 /* ReusableElementStore.swift in Sources */,
				5497082A834992C249AEB6D7 /* ScreenCaptureKitRecorder.swift in Sources */,
				0B21454FCC60E4D6D80D27D0 /* ScreenRecordingPermission.swift in Sources */,
				26F34FB74B27B54F962AFC5B /* SendableShims.swift in Sources */,
				CAAD2DF715079BD794B9E668 /* SharePresenter.swift in Sources */,
				508CEB984BA066AF5A124932 /* SnapGuideManager.swift in Sources */,
				30D95E784915C45C859EBE48 /* StripDockPosition.swift in Sources */,
				DA844418F2D91D852EADE414 /* StripState.swift in Sources */,
				8421793064A64A9250FF33D7 /* StripView.swift in Sources */,
				B4F1B579760AA0799E369203 /* StripWindowController.swift in Sources */,
				998F85489833E4D6E2C10481 /* SystemScreencaptureRecorder.swift in Sources */,
				D8BEF7CB791BEAA0E4E60E92 /* SystemScreencaptureScreenshotter.swift in Sources */,
				41F8DE5162424072BD6AAE5B /* ToolRegistry.swift in Sources */,
				D45E13399D98004D89C87D75 /* VideoTrimExporter.swift in Sources */,
				AE1E3E1D77E1AA944C6FAD09 /* VideoTrimPresenter.swift in Sources */,
				6B2379F24D1251137CC3F2EF /* WallpaperHelper.swift in Sources */,
				E71EA343D10EBEA96BED9CFD /* WindowPicker.swift in Sources */,
				081DD27D01A7269956290ED5 /* main.swift in Sources */,
			);
			runOnlyForDeploymentPostprocessing = 0;
		};
/* End PBXSourcesBuildPhase section */

/* Begin PBXTargetDependency section */
		09E5FC7822ABA69A538175B1 /* PBXTargetDependency */ = {
			isa = PBXTargetDependency;
			target = D809D49B0932D3555F152431 /* CaptureService */;
			targetProxy = 8B525781A586D1535C806333 /* PBXContainerItemProxy */;
		};
/* End PBXTargetDependency section */

/* Begin XCBuildConfiguration section */
		0997F302E88725135663885F /* Debug */ = {
			isa = XCBuildConfiguration;
			buildSettings = {
				ASSETCATALOG_COMPILER_APPICON_NAME = AppIcon;
				CODE_SIGN_ENTITLEMENTS = SnipSnap.entitlements;
				COMBINE_HIDPI_IMAGES = YES;
				INFOPLIST_FILE = Info.plist;
				LD_RUNPATH_SEARCH_PATHS = (
					"$(inherited)",
					"@executable_path/../Frameworks",
				);
				PRODUCT_BUNDLE_IDENTIFIER = com.snipsnap.Snipsnap;
				SDKROOT = macosx;
			};
			name = Debug;
		};
		34D2D67023735FE8AAEF573C /* Debug */ = {
			isa = XCBuildConfiguration;
			buildSettings = {
				ALWAYS_SEARCH_USER_PATHS = NO;
				CLANG_ANALYZER_NONNULL = YES;
				CLANG_ANALYZER_NUMBER_OBJECT_CONVERSION = YES_AGGRESSIVE;
				CLANG_CXX_LANGUAGE_STANDARD = "gnu++14";
				CLANG_CXX_LIBRARY = "libc++";
				CLANG_ENABLE_MODULES = YES;
				CLANG_ENABLE_OBJC_ARC = YES;
				CLANG_ENABLE_OBJC_WEAK = YES;
				CLANG_WARN_BLOCK_CAPTURE_AUTORELEASING = YES;
				CLANG_WARN_BOOL_CONVERSION = YES;
				CLANG_WARN_COMMA = YES;
				CLANG_WARN_CONSTANT_CONVERSION = YES;
				CLANG_WARN_DEPRECATED_OBJC_IMPLEMENTATIONS = YES;
				CLANG_WARN_DIRECT_OBJC_ISA_USAGE = YES_ERROR;
				CLANG_WARN_DOCUMENTATION_COMMENTS = YES;
				CLANG_WARN_EMPTY_BODY = YES;
				CLANG_WARN_ENUM_CONVERSION = YES;
				CLANG_WARN_INFINITE_RECURSION = YES;
				CLANG_WARN_INT_CONVERSION = YES;
				CLANG_WARN_NON_LITERAL_NULL_CONVERSION = YES;
				CLANG_WARN_OBJC_IMPLICIT_RETAIN_SELF = YES;
				CLANG_WARN_OBJC_LITERAL_CONVERSION = YES;
				CLANG_WARN_OBJC_ROOT_CLASS = YES_ERROR;
				CLANG_WARN_QUOTED_INCLUDE_IN_FRAMEWORK_HEADER = YES;
				CLANG_WARN_RANGE_LOOP_ANALYSIS = YES;
				CLANG_WARN_STRICT_PROTOTYPES = YES;
				CLANG_WARN_SUSPICIOUS_MOVE = YES;
				CLANG_WARN_UNGUARDED_AVAILABILITY = YES_AGGRESSIVE;
				CLANG_WARN_UNREACHABLE_CODE = YES;
				CLANG_WARN__DUPLICATE_METHOD_MATCH = YES;
				CODE_SIGNING_ALLOWED = YES;
				CODE_SIGNING_REQUIRED = YES;
				CODE_SIGN_IDENTITY = "$(SNIPSNAP_CODE_SIGN_IDENTITY)";
				CODE_SIGN_INJECT_BASE_ENTITLEMENTS = NO;
				CODE_SIGN_STYLE = Manual;
				COPY_PHASE_STRIP = NO;
				DEBUG_INFORMATION_FORMAT = dwarf;
				DEVELOPMENT_TEAM = "";
				ENABLE_STRICT_OBJC_MSGSEND = YES;
				ENABLE_TESTABILITY = YES;
				GCC_C_LANGUAGE_STANDARD = gnu11;
				GCC_DYNAMIC_NO_PIC = NO;
				GCC_NO_COMMON_BLOCKS = YES;
				GCC_OPTIMIZATION_LEVEL = 0;
				GCC_PREPROCESSOR_DEFINITIONS = (
					"$(inherited)",
					"DEBUG=1",
				);
				GCC_WARN_64_TO_32_BIT_CONVERSION = YES;
				GCC_WARN_ABOUT_RETURN_TYPE = YES_ERROR;
				GCC_WARN_UNDECLARED_SELECTOR = YES;
				GCC_WARN_UNINITIALIZED_AUTOS = YES_AGGRESSIVE;
				GCC_WARN_UNUSED_FUNCTION = YES;
				GCC_WARN_UNUSED_VARIABLE = YES;
				INFOPLIST_FILE = Info.plist;
				MACOSX_DEPLOYMENT_TARGET = 13.0;
				MTL_ENABLE_DEBUG_INFO = INCLUDE_SOURCE;
				MTL_FAST_MATH = YES;
				ONLY_ACTIVE_ARCH = YES;
				OTHER_CODE_SIGN_FLAGS = "--timestamp=none -o runtime";
				PRODUCT_NAME = "$(TARGET_NAME)";
				SDKROOT = macosx;
				SNIPSNAP_CODE_SIGN_IDENTITY = "SnipSnap Local Dev";
				SWIFT_ACTIVE_COMPILATION_CONDITIONS = DEBUG;
				SWIFT_ENABLE_INCREMENTAL_COMPILATION = NO;
				SWIFT_OPTIMIZATION_LEVEL = "-Onone";
				SWIFT_VERSION = 5.0;
			};
			name = Debug;
		};
		4B3C17D987E8F18CA00BDD56 /* Debug */ = {
			isa = XCBuildConfiguration;
			buildSettings = {
				CODE_SIGN_ENTITLEMENTS = CaptureServiceXPC/CaptureService.entitlements;
				COMBINE_HIDPI_IMAGES = YES;
				INFOPLIST_FILE = CaptureServiceXPC/Info.plist;
				LD_RUNPATH_SEARCH_PATHS = (
					"$(inherited)",
					"@executable_path/../Frameworks",
				);
				PRODUCT_BUNDLE_IDENTIFIER = com.snipsnap.CaptureService;
				PRODUCT_NAME = com.snipsnap.CaptureService;
				SDKROOT = macosx;
				SKIP_INSTALL = YES;
			};
			name = Debug;
		};
		9F600456541553E2AEC57C00 /* Release */ = {
			isa = XCBuildConfiguration;
			buildSettings = {
				CODE_SIGN_ENTITLEMENTS = CaptureServiceXPC/CaptureService.entitlements;
				COMBINE_HIDPI_IMAGES = YES;
				INFOPLIST_FILE = CaptureServiceXPC/Info.plist;
				LD_RUNPATH_SEARCH_PATHS = (
					"$(inherited)",
					"@executable_path/../Frameworks",
				);
				PRODUCT_BUNDLE_IDENTIFIER = com.snipsnap.CaptureService;
				PRODUCT_NAME = com.snipsnap.CaptureService;
				SDKROOT = macosx;
				SKIP_INSTALL = YES;
			};
			name = Release;
		};
		C194A2F1E3130659AC65BC07 /* Release */ = {
			isa = XCBuildConfiguration;
			buildSettings = {
				ALWAYS_SEARCH_USER_PATHS = NO;
				CLANG_ANALYZER_NONNULL = YES;
				CLANG_ANALYZER_NUMBER_OBJECT_CONVERSION = YES_AGGRESSIVE;
				CLANG_CXX_LANGUAGE_STANDARD = "gnu++14";
				CLANG_CXX_LIBRARY = "libc++";
				CLANG_ENABLE_MODULES = YES;
				CLANG_ENABLE_OBJC_ARC = YES;
				CLANG_ENABLE_OBJC_WEAK = YES;
				CLANG_WARN_BLOCK_CAPTURE_AUTORELEASING = YES;
				CLANG_WARN_BOOL_CONVERSION = YES;
				CLANG_WARN_COMMA = YES;
				CLANG_WARN_CONSTANT_CONVERSION = YES;
				CLANG_WARN_DEPRECATED_OBJC_IMPLEMENTATIONS = YES;
				CLANG_WARN_DIRECT_OBJC_ISA_USAGE = YES_ERROR;
				CLANG_WARN_DOCUMENTATION_COMMENTS = YES;
				CLANG_WARN_EMPTY_BODY = YES;
				CLANG_WARN_ENUM_CONVERSION = YES;
				CLANG_WARN_INFINITE_RECURSION = YES;
				CLANG_WARN_INT_CONVERSION = YES;
				CLANG_WARN_NON_LITERAL_NULL_CONVERSION = YES;
				CLANG_WARN_OBJC_IMPLICIT_RETAIN_SELF = YES;
				CLANG_WARN_OBJC_LITERAL_CONVERSION = YES;
				CLANG_WARN_OBJC_ROOT_CLASS = YES_ERROR;
				CLANG_WARN_QUOTED_INCLUDE_IN_FRAMEWORK_HEADER = YES;
				CLANG_WARN_RANGE_LOOP_ANALYSIS = YES;
				CLANG_WARN_STRICT_PROTOTYPES = YES;
				CLANG_WARN_SUSPICIOUS_MOVE = YES;
				CLANG_WARN_UNGUARDED_AVAILABILITY = YES_AGGRESSIVE;
				CLANG_WARN_UNREACHABLE_CODE = YES;
				CLANG_WARN__DUPLICATE_METHOD_MATCH = YES;
				CODE_SIGNING_ALLOWED = YES;
				CODE_SIGNING_REQUIRED = YES;
				CODE_SIGN_IDENTITY = "$(SNIPSNAP_CODE_SIGN_IDENTITY)";
				CODE_SIGN_INJECT_BASE_ENTITLEMENTS = NO;
				CODE_SIGN_STYLE = Manual;
				COPY_PHASE_STRIP = NO;
				DEBUG_INFORMATION_FORMAT = "dwarf-with-dsym";
				DEVELOPMENT_TEAM = "";
				ENABLE_NS_ASSERTIONS = NO;
				ENABLE_STRICT_OBJC_MSGSEND = YES;
				GCC_C_LANGUAGE_STANDARD = gnu11;
				GCC_NO_COMMON_BLOCKS = YES;
				GCC_WARN_64_TO_32_BIT_CONVERSION = YES;
				GCC_WARN_ABOUT_RETURN_TYPE = YES_ERROR;
				GCC_WARN_UNDECLARED_SELECTOR = YES;
				GCC_WARN_UNINITIALIZED_AUTOS = YES_AGGRESSIVE;
				GCC_WARN_UNUSED_FUNCTION = YES;
				GCC_WARN_UNUSED_VARIABLE = YES;
				INFOPLIST_FILE = Info.plist;
				MACOSX_DEPLOYMENT_TARGET = 13.0;
				MTL_ENABLE_DEBUG_INFO = NO;
				MTL_FAST_MATH = YES;
				OTHER_CODE_SIGN_FLAGS = "--timestamp=none -o runtime";
				PRODUCT_NAME = "$(TARGET_NAME)";
				SDKROOT = macosx;
				SNIPSNAP_CODE_SIGN_IDENTITY = "SnipSnap Local Dev";
				SWIFT_COMPILATION_MODE = wholemodule;
				SWIFT_OPTIMIZATION_LEVEL = "-O";
				SWIFT_VERSION = 5.0;
			};
			name = Release;
		};
		F67C500F07D1F4312C25F764 /* Release */ = {
			isa = XCBuildConfiguration;
			buildSettings = {
				ASSETCATALOG_COMPILER_APPICON_NAME = AppIcon;
				CODE_SIGN_ENTITLEMENTS = SnipSnap.entitlements;
				COMBINE_HIDPI_IMAGES = YES;
				INFOPLIST_FILE = Info.plist;
				LD_RUNPATH_SEARCH_PATHS = (
					"$(inherited)",
					"@executable_path/../Frameworks",
				);
				PRODUCT_BUNDLE_IDENTIFIER = com.snipsnap.Snipsnap;
				SDKROOT = macosx;
			};
			name = Release;
		};
/* End XCBuildConfiguration section */

/* Begin XCConfigurationList section */
		109589696453A7C71F9BBC8C /* Build configuration list for PBXNativeTarget "SnipSnap" */ = {
			isa = XCConfigurationList;
			buildConfigurations = (
				0997F302E88725135663885F /* Debug */,
				F67C500F07D1F4312C25F764 /* Release */,
			);
			defaultConfigurationIsVisible = 0;
			defaultConfigurationName = Debug;
		};
		9D42394B3E9D5BB57D0E83BB /* Build configuration list for PBXProject "SnipSnap" */ = {
			isa = XCConfigurationList;
			buildConfigurations = (
				34D2D67023735FE8AAEF573C /* Debug */,
				C194A2F1E3130659AC65BC07 /* Release */,
			);
			defaultConfigurationIsVisible = 0;
			defaultConfigurationName = Debug;
		};
		F89ADDFEE30793C19833CE3A /* Build configuration list for PBXNativeTarget "CaptureService" */ = {
			isa = XCConfigurationList;
			buildConfigurations = (
				4B3C17D987E8F18CA00BDD56 /* Debug */,
				9F600456541553E2AEC57C00 /* Release */,
			);
			defaultConfigurationIsVisible = 0;
			defaultConfigurationName = Debug;
		};
/* End XCConfigurationList section */
	};
	rootObject = 73D4435CC7142AE0EBADA504 /* Project object */;
}
